
Microsoft Visual Studio Solution File, Format Version 12.00
# Visual Studio Version 17
VisualStudioVersion = 17.7.34031.279
MinimumVisualStudioVersion = 10.0.40219.1
Project("{FAE04EC0-301F-11D3-BF4B-00C04F79EFBC}") = "Game", "Game.csproj", "{C44956C2-755D-4D9E-A9B9-32369AECE547}"
EndProject
Global
	GlobalSection(SolutionConfigurationPlatforms) = preSolution
		Debug|Any CPU = Debug|Any CPU
		Release|Any CPU = Release|Any CPU
	EndGlobalSection
	GlobalSection(ProjectConfigurationPlatforms) = postSolution
		{C44956C2-755D-4D9E-A9B9-32369AECE547}.Debug|Any CPU.ActiveCfg = Debug|Any CPU
		{C44956C2-755D-4D9E-A9B9-32369AECE547}.Debug|Any CPU.Build.0 = Debug|Any CPU
		{C44956C2-755D-4D9E-A9B9-32369AECE547}.Release|Any CPU.ActiveCfg = Release|Any CPU
		{C44956C2-755D-4D9E-A9B9-32369AECE547}.Release|Any CPU.Build.0 = Release|Any CPU
	EndGlobalSection
	GlobalSection(SolutionProperties) = preSolution
		HideSolutionNode = FALSE
	EndGlobalSection
	GlobalSection(ExtensibilityGlobals) = postSolution
		SolutionGuid = {59F66D6E-0EBE-415F-8B3F-13E3D84677AA}
	EndGlobalSection
EndGlobal
